
Microsoft Visual Studio Solution File, Format Version 12.00
# Visual Studio Version 17
VisualStudioVersion = 17.0.31903.59
MinimumVisualStudioVersion = 10.0.40219.1
Project("{2150E333-8FDC-42A3-9474-1A3956D46DE8}") = "src", "src", "{827E0CD3-B72D-47B6-A68D-7590B98EB39B}"
EndProject
Project("{FAE04EC0-301F-11D3-BF4B-00C04F79EFBC}") = "Ngraphiphy", "src\Ngraphiphy\Ngraphiphy.csproj", "{C05CEC59-E0FC-431B-93FD-8AD3690A4279}"
EndProject
Project("{2150E333-8FDC-42A3-9474-1A3956D46DE8}") = "tests", "tests", "{0AB3BF05-4346-4AA6-1389-037BE0695223}"
EndProject
Project("{FAE04EC0-301F-11D3-BF4B-00C04F79EFBC}") = "Ngraphiphy.Tests", "tests\Ngraphiphy.Tests\Ngraphiphy.Tests.csproj", "{8B865135-1F28-4208-ADA3-6A9F9078424F}"
EndProject
Project("{FAE04EC0-301F-11D3-BF4B-00C04F79EFBC}") = "Ngraphiphy.Llm", "src\Ngraphiphy.Llm\Ngraphiphy.Llm.csproj", "{1B78B7C4-D7C4-495C-B1CF-3701531FE26E}"
EndProject
Project("{FAE04EC0-301F-11D3-BF4B-00C04F79EFBC}") = "Ngraphiphy.Llm.Tests", "tests\Ngraphiphy.Llm.Tests\Ngraphiphy.Llm.Tests.csproj", "{5BB655A9-6822-45C2-B389-CE2E1E181671}"
EndProject
Project("{FAE04EC0-301F-11D3-BF4B-00C04F79EFBC}") = "Ngraphiphy.Cli", "src\Ngraphiphy.Cli\Ngraphiphy.Cli.csproj", "{D3826139-BC71-4CB5-BE8A-16F8DBE55CA7}"
EndProject
Project("{FAE04EC0-301F-11D3-BF4B-00C04F79EFBC}") = "Ngraphiphy.Cli.Tests", "tests\Ngraphiphy.Cli.Tests\Ngraphiphy.Cli.Tests.csproj", "{95C0F327-AF5A-4A58-A82E-6C1266E9B6FC}"
EndProject
Project("{FAE04EC0-301F-11D3-BF4B-00C04F79EFBC}") = "Ngraphiphy.Pipeline", "src\Ngraphiphy.Pipeline\Ngraphiphy.Pipeline.csproj", "{5BDD20E4-2D1E-4BAF-97E9-F67EF460DE4A}"
EndProject
Global
	GlobalSection(SolutionConfigurationPlatforms) = preSolution
		Debug|Any CPU = Debug|Any CPU
		Debug|x64 = Debug|x64
		Debug|x86 = Debug|x86
		Release|Any CPU = Release|Any CPU
		Release|x64 = Release|x64
		Release|x86 = Release|x86
	EndGlobalSection
	GlobalSection(ProjectConfigurationPlatforms) = postSolution
		{C05CEC59-E0FC-431B-93FD-8AD3690A4279}.Debug|Any CPU.ActiveCfg = Debug|Any CPU
		{C05CEC59-E0FC-431B-93FD-8AD3690A4279}.Debug|Any CPU.Build.0 = Debug|Any CPU
		{C05CEC59-E0FC-431B-93FD-8AD3690A4279}.Debug|x64.ActiveCfg = Debug|Any CPU
		{C05CEC59-E0FC-431B-93FD-8AD3690A4279}.Debug|x64.Build.0 = Debug|Any CPU
		{C05CEC59-E0FC-431B-93FD-8AD3690A4279}.Debug|x86.ActiveCfg = Debug|Any CPU
		{C05CEC59-E0FC-431B-93FD-8AD3690A4279}.Debug|x86.Build.0 = Debug|Any CPU
		{C05CEC59-E0FC-431B-93FD-8AD3690A4279}.Release|Any CPU.ActiveCfg = Release|Any CPU
		{C05CEC59-E0FC-431B-93FD-8AD3690A4279}.Release|Any CPU.Build.0 = Release|Any CPU
		{C05CEC59-E0FC-431B-93FD-8AD3690A4279}.Release|x64.ActiveCfg = Release|Any CPU
		{C05CEC59-E0FC-431B-93FD-8AD3690A4279}.Release|x64.Build.0 = Release|Any CPU
		{C05CEC59-E0FC-431B-93FD-8AD3690A4279}.Release|x86.ActiveCfg = Release|Any CPU
		{C05CEC59-E0FC-431B-93FD-8AD3690A4279}.Release|x86.Build.0 = Release|Any CPU
		{8B865135-1F28-4208-ADA3-6A9F9078424F}.Debug|Any CPU.ActiveCfg = Debug|Any CPU
		{8B865135-1F28-4208-ADA3-6A9F9078424F}.Debug|Any CPU.Build.0 = Debug|Any CPU
		{8B865135-1F28-4208-ADA3-6A9F9078424F}.Debug|x64.ActiveCfg = Debug|Any CPU
		{8B865135-1F28-4208-ADA3-6A9F9078424F}.Debug|x64.Build.0 = Debug|Any CPU
		{8B865135-1F28-4208-ADA3-6A9F9078424F}.Debug|x86.ActiveCfg = Debug|Any CPU
		{8B865135-1F28-4208-ADA3-6A9F9078424F}.Debug|x86.Build.0 = Debug|Any CPU
		{8B865135-1F28-4208-ADA3-6A9F9078424F}.Release|Any CPU.ActiveCfg = Release|Any CPU
		{8B865135-1F28-4208-ADA3-6A9F9078424F}.Release|Any CPU.Build.0 = Release|Any CPU
		{8B865135-1F28-4208-ADA3-6A9F9078424F}.Release|x64.ActiveCfg = Release|Any CPU
		{8B865135-1F28-4208-ADA3-6A9F9078424F}.Release|x64.Build.0 = Release|Any CPU
		{8B865135-1F28-4208-ADA3-6A9F9078424F}.Release|x86.ActiveCfg = Release|Any CPU
		{8B865135-1F28-4208-ADA3-6A9F9078424F}.Release|x86.Build.0 = Release|Any CPU
		{1B78B7C4-D7C4-495C-B1CF-3701531FE26E}.Debug|Any CPU.ActiveCfg = Debug|Any CPU
		{1B78B7C4-D7C4-495C-B1CF-3701531FE26E}.Debug|Any CPU.Build.0 = Debug|Any CPU
		{1B78B7C4-D7C4-495C-B1CF-3701531FE26E}.Debug|x64.ActiveCfg = Debug|Any CPU
		{1B78B7C4-D7C4-495C-B1CF-3701531FE26E}.Debug|x64.Build.0 = Debug|Any CPU
		{1B78B7C4-D7C4-495C-B1CF-3701531FE26E}.Debug|x86.ActiveCfg = Debug|Any CPU
		{1B78B7C4-D7C4-495C-B1CF-3701531FE26E}.Debug|x86.Build.0 = Debug|Any CPU
		{1B78B7C4-D7C4-495C-B1CF-3701531FE26E}.Release|Any CPU.ActiveCfg = Release|Any CPU
		{1B78B7C4-D7C4-495C-B1CF-3701531FE26E}.Release|Any CPU.Build.0 = Release|Any CPU
		{1B78B7C4-D7C4-495C-B1CF-3701531FE26E}.Release|x64.ActiveCfg = Release|Any CPU
		{1B78B7C4-D7C4-495C-B1CF-3701531FE26E}.Release|x64.Build.0 = Release|Any CPU
		{1B78B7C4-D7C4-495C-B1CF-3701531FE26E}.Release|x86.ActiveCfg = Release|Any CPU
		{1B78B7C4-D7C4-495C-B1CF-3701531FE26E}.Release|x86.Build.0 = Release|Any CPU
		{5BB655A9-6822-45C2-B389-CE2E1E181671}.Debug|Any CPU.ActiveCfg = Debug|Any CPU
		{5BB655A9-6822-45C2-B389-CE2E1E181671}.Debug|Any CPU.Build.0 = Debug|Any CPU
		{5BB655A9-6822-45C2-B389-CE2E1E181671}.Debug|x64.ActiveCfg = Debug|Any CPU
		{5BB655A9-6822-45C2-B389-CE2E1E181671}.Debug|x64.Build.0 = Debug|Any CPU
		{5BB655A9-6822-45C2-B389-CE2E1E181671}.Debug|x86.ActiveCfg = Debug|Any CPU
		{5BB655A9-6822-45C2-B389-CE2E1E181671}.Debug|x86.Build.0 = Debug|Any CPU
		{5BB655A9-6822-45C2-B389-CE2E1E181671}.Release|Any CPU.ActiveCfg = Release|Any CPU
		{5BB655A9-6822-45C2-B389-CE2E1E181671}.Release|Any CPU.Build.0 = Release|Any CPU
		{5BB655A9-6822-45C2-B389-CE2E1E181671}.Release|x64.ActiveCfg = Release|Any CPU
		{5BB655A9-6822-45C2-B389-CE2E1E181671}.Release|x64.Build.0 = Release|Any CPU
		{5BB655A9-6822-45C2-B389-CE2E1E181671}.Release|x86.ActiveCfg = Release|Any CPU
		{5BB655A9-6822-45C2-B389-CE2E1E181671}.Release|x86.Build.0 = Release|Any CPU
		{D3826139-BC71-4CB5-BE8A-16F8DBE55CA7}.Debug|Any CPU.ActiveCfg = Debug|Any CPU
		{D3826139-BC71-4CB5-BE8A-16F8DBE55CA7}.Debug|Any CPU.Build.0 = Debug|Any CPU
		{D3826139-BC71-4CB5-BE8A-16F8DBE55CA7}.Debug|x64.ActiveCfg = Debug|Any CPU
		{D3826139-BC71-4CB5-BE8A-16F8DBE55CA7}.Debug|x64.Build.0 = Debug|Any CPU
		{D3826139-BC71-4CB5-BE8A-16F8DBE55CA7}.Debug|x86.ActiveCfg = Debug|Any CPU
		{D3826139-BC71-4CB5-BE8A-16F8DBE55CA7}.Debug|x86.Build.0 = Debug|Any CPU
		{D3826139-BC71-4CB5-BE8A-16F8DBE55CA7}.Release|Any CPU.ActiveCfg = Release|Any CPU
		{D3826139-BC71-4CB5-BE8A-16F8DBE55CA7}.Release|Any CPU.Build.0 = Release|Any CPU
		{D3826139-BC71-4CB5-BE8A-16F8DBE55CA7}.Release|x64.ActiveCfg = Release|Any CPU
		{D3826139-BC71-4CB5-BE8A-16F8DBE55CA7}.Release|x64.Build.0 = Release|Any CPU
		{D3826139-BC71-4CB5-BE8A-16F8DBE55CA7}.Release|x86.ActiveCfg = Release|Any CPU
		{D3826139-BC71-4CB5-BE8A-16F8DBE55CA7}.Release|x86.Build.0 = Release|Any CPU
		{95C0F327-AF5A-4A58-A82E-6C1266E9B6FC}.Debug|Any CPU.ActiveCfg = Debug|Any CPU
		{95C0F327-AF5A-4A58-A82E-6C1266E9B6FC}.Debug|Any CPU.Build.0 = Debug|Any CPU
		{95C0F327-AF5A-4A58-A82E-6C1266E9B6FC}.Debug|x64.ActiveCfg = Debug|Any CPU
		{95C0F327-AF5A-4A58-A82E-6C1266E9B6FC}.Debug|x64.Build.0 = Debug|Any CPU
		{95C0F327-AF5A-4A58-A82E-6C1266E9B6FC}.Debug|x86.ActiveCfg = Debug|Any CPU
		{95C0F327-AF5A-4A58-A82E-6C1266E9B6FC}.Debug|x86.Build.0 = Debug|Any CPU
		{95C0F327-AF5A-4A58-A82E-6C1266E9B6FC}.Release|Any CPU.ActiveCfg = Release|Any CPU
		{95C0F327-AF5A-4A58-A82E-6C1266E9B6FC}.Release|Any CPU.Build.0 = Release|Any CPU
		{95C0F327-AF5A-4A58-A82E-6C1266E9B6FC}.Release|x64.ActiveCfg = Release|Any CPU
		{95C0F327-AF5A-4A58-A82E-6C1266E9B6FC}.Release|x64.Build.0 = Release|Any CPU
		{95C0F327-AF5A-4A58-A82E-6C1266E9B6FC}.Release|x86.ActiveCfg = Release|Any CPU
		{95C0F327-AF5A-4A58-A82E-6C1266E9B6FC}.Release|x86.Build.0 = Release|Any CPU
		{5BDD20E4-2D1E-4BAF-97E9-F67EF460DE4A}.Debug|Any CPU.ActiveCfg = Debug|Any CPU
		{5BDD20E4-2D1E-4BAF-97E9-F67EF460DE4A}.Debug|Any CPU.Build.0 = Debug|Any CPU
		{5BDD20E4-2D1E-4BAF-97E9-F67EF460DE4A}.Debug|x64.ActiveCfg = Debug|Any CPU
		{5BDD20E4-2D1E-4BAF-97E9-F67EF460DE4A}.Debug|x64.Build.0 = Debug|Any CPU
		{5BDD20E4-2D1E-4BAF-97E9-F67EF460DE4A}.Debug|x86.ActiveCfg = Debug|Any CPU
		{5BDD20E4-2D1E-4BAF-97E9-F67EF460DE4A}.Debug|x86.Build.0 = Debug|Any CPU
		{5BDD20E4-2D1E-4BAF-97E9-F67EF460DE4A}.Release|Any CPU.ActiveCfg = Release|Any CPU
		{5BDD20E4-2D1E-4BAF-97E9-F67EF460DE4A}.Release|Any CPU.Build.0 = Release|Any CPU
		{5BDD20E4-2D1E-4BAF-97E9-F67EF460DE4A}.Release|x64.ActiveCfg = Release|Any CPU
		{5BDD20E4-2D1E-4BAF-97E9-F67EF460DE4A}.Release|x64.Build.0 = Release|Any CPU
		{5BDD20E4-2D1E-4BAF-97E9-F67EF460DE4A}.Release|x86.ActiveCfg = Release|Any CPU
		{5BDD20E4-2D1E-4BAF-97E9-F67EF460DE4A}.Release|x86.Build.0 = Release|Any CPU
	EndGlobalSection
	GlobalSection(SolutionProperties) = preSolution
		HideSolutionNode = FALSE
	EndGlobalSection
	GlobalSection(NestedProjects) = preSolution
		{C05CEC59-E0FC-431B-93FD-8AD3690A4279} = {827E0CD3-B72D-47B6-A68D-7590B98EB39B}
		{8B865135-1F28-4208-ADA3-6A9F9078424F} = {0AB3BF05-4346-4AA6-1389-037BE0695223}
		{1B78B7C4-D7C4-495C-B1CF-3701531FE26E} = {827E0CD3-B72D-47B6-A68D-7590B98EB39B}
		{5BB655A9-6822-45C2-B389-CE2E1E181671} = {0AB3BF05-4346-4AA6-1389-037BE0695223}
		{D3826139-BC71-4CB5-BE8A-16F8DBE55CA7} = {827E0CD3-B72D-47B6-A68D-7590B98EB39B}
		{95C0F327-AF5A-4A58-A82E-6C1266E9B6FC} = {0AB3BF05-4346-4AA6-1389-037BE0695223}
		{5BDD20E4-2D1E-4BAF-97E9-F67EF460DE4A} = {827E0CD3-B72D-47B6-A68D-7590B98EB39B}
	EndGlobalSection
EndGlobal
